// !$*UTF8*$!
{
	archiveVersion = 1;
	classes = {
	};
	objectVersion = 56;
	objects = {

/* Begin PBXBuildFile section */
		29B9A6222B696751003D1573 /* AppDelegate.swift in Sources */ = {isa = PBXBuildFile; fileRef = 29B9A6212B696751003D1573 /* AppDelegate.swift */; };
		29B9A6242B696751003D1573 /* SceneDelegate.swift in Sources */ = {isa = PBXBuildFile; fileRef = 29B9A6232B696751003D1573 /* SceneDelegate.swift */; };
		29B9A6262B696751003D1573 /* ViewController.swift in Sources */ = {isa = PBXBuildFile; fileRef = 29B9A6252B696751003D1573 /* ViewController.swift */; };
		29B9A62B2B696753003D1573 /* Assets.xcassets in Resources */ = {isa = PBXBuildFile; fileRef = 29B9A62A2B696753003D1573 /* Assets.xcassets */; };
		29B9A62E2B696753003D1573 /* LaunchScreen.storyboard in Resources */ = {isa = PBXBuildFile; fileRef = 29B9A62C2B696753003D1573 /* LaunchScreen.storyboard */; };
		29B9A6392B696753003D1573 /* ProjectTests.swift in Sources */ = {isa = PBXBuildFile; fileRef = 29B9A6382B696753003D1573 /* ProjectTests.swift */; };
		29B9A6432B696753003D1573 /* ProjectUITests.swift in Sources */ = {isa = PBXBuildFile; fileRef = 29B9A6422B696753003D1573 /* ProjectUITests.swift */; };
		29B9A6452B696753003D1573 /* ProjectUITestsLaunchTests.swift in Sources */ = {isa = PBXBuildFile; fileRef = 29B9A6442B696753003D1573 /* ProjectUITestsLaunchTests.swift */; };
		608B373662B98207FF8DF161 /* Pods_Project.framework in Frameworks */ = {isa = PBXBuildFile; fileRef = 4F2DBBB20D10C63A97704232 /* Pods_Project.framework */; };
		BBB03B86E0FD97007B651992 /* Pods_Project_ProjectUITests.framework in Frameworks */ = {isa = PBXBuildFile; fileRef = 47C0F64B5283A4F8A2C8286B /* Pods_Project_ProjectUITests.framework */; };
		DB671FD507CDC76AF4EEF40D /* Pods_ProjectTests.framework in Frameworks */ = {isa = PBXBuildFile; fileRef = D81524BF313AD62876FBC6C9 /* Pods_ProjectTests.framework */; };
/* End PBXBuildFile section */

/* Begin PBXContainerItemProxy section */
		29B9A6352B696753003D1573 /* PBXContainerItemProxy */ = {
			isa = PBXContainerItemProxy;
			containerPortal = 29B9A6162B696751003D1573 /* Project object */;
			proxyType = 1;
			remoteGlobalIDString = 29B9A61D2B696751003D1573;
			remoteInfo = Project;
		};
		29B9A63F2B696753003D1573 /* PBXContainerItemProxy */ = {
			isa = PBXContainerItemProxy;
			containerPortal = 29B9A6162B696751003D1573 /* Project object */;
			proxyType = 1;
			remoteGlobalIDString = 29B9A61D2B696751003D1573;
			remoteInfo = Project;
		};
/* End PBXContainerItemProxy section */

/* Begin PBXFileReference section */
		29B9A61E2B696751003D1573 /* Project.app */ = {isa = PBXFileReference; explicitFileType = wrapper.application; includeInIndex = 0; path = Project.app; sourceTree = BUILT_PRODUCTS_DIR; };
		29B9A6212B696751003D1573 /* AppDelegate.swift */ = {isa = PBXFileReference; lastKnownFileType = sourcecode.swift; path = AppDelegate.swift; sourceTree = "<group>"; };
		29B9A6232B696751003D1573 /* SceneDelegate.swift */ = {isa = PBXFileReference; lastKnownFileType = sourcecode.swift; path = SceneDelegate.swift; sourceTree = "<group>"; };
		29B9A6252B696751003D1573 /* ViewController.swift */ = {isa = PBXFileReference; lastKnownFileType = sourcecode.swift; path = ViewController.swift; sourceTree = "<group>"; };
		29B9A62A2B696753003D1573 /* Assets.xcassets */ = {isa = PBXFileReference; lastKnownFileType = folder.assetcatalog; path = Assets.xcassets; sourceTree = "<group>"; };
		29B9A62D2B696753003D1573 /* Base */ = {isa = PBXFileReference; lastKnownFileType = file.storyboard; name = Base; path = Base.lproj/LaunchScreen.storyboard; sourceTree = "<group>"; };
		29B9A62F2B696753003D1573 /* Info.plist */ = {isa = PBXFileReference; lastKnownFileType = text.plist.xml; path = Info.plist; sourceTree = "<group>"; };
		29B9A6342B696753003D1573 /* ProjectTests.xctest */ = {isa = PBXFileReference; explicitFileType = wrapper.cfbundle; includeInIndex = 0; path = ProjectTests.xctest; sourceTree = BUILT_PRODUCTS_DIR; };
		29B9A6382B696753003D1573 /* ProjectTests.swift */ = {isa = PBXFileReference; lastKnownFileType = sourcecode.swift; path = ProjectTests.swift; sourceTree = "<group>"; };
		29B9A63E2B696753003D1573 /* ProjectUITests.xctest */ = {isa = PBXFileReference; explicitFileType = wrapper.cfbundle; includeInIndex = 0; path = ProjectUITests.xctest; sourceTree = BUILT_PRODUCTS_DIR; };
		29B9A6422B696753003D1573 /* ProjectUITests.swift */ = {isa = PBXFileReference; lastKnownFileType = sourcecode.swift; path = ProjectUITests.swift; sourceTree = "<group>"; };
		29B9A6442B696753003D1573 /* ProjectUITestsLaunchTests.swift */ = {isa = PBXFileReference; lastKnownFileType = sourcecode.swift; path = ProjectUITestsLaunchTests.swift; sourceTree = "<group>"; };
		47C0F64B5283A4F8A2C8286B /* Pods_Project_ProjectUITests.framework */ = {isa = PBXFileReference; explicitFileType = wrapper.framework; includeInIndex = 0; path = Pods_Project_ProjectUITests.framework; sourceTree = BUILT_PRODUCTS_DIR; };
		4F2DBBB20D10C63A97704232 /* Pods_Project.framework */ = {isa = PBXFileReference; explicitFileType = wrapper.framework; includeInIndex = 0; path = Pods_Project.framework; sourceTree = BUILT_PRODUCTS_DIR; };
		5D6A05259139C97A55412B65 /* Pods-Project-ProjectUITests.debug.xcconfig */ = {isa = PBXFileReference; includeInIndex = 1; lastKnownFileType = text.xcconfig; name = "Pods-Project-ProjectUITests.debug.xcconfig"; path = "Target Support Files/Pods-Project-ProjectUITests/Pods-Project-ProjectUITests.debug.xcconfig"; sourceTree = "<group>"; };
		5F92A1A786C51E4DDD7B8EB8 /* Pods-Project-ProjectUITests.release.xcconfig */ = {isa = PBXFileReference; includeInIndex = 1; lastKnownFileType = text.xcconfig; name = "Pods-Project-ProjectUITests.release.xcconfig"; path = "Target Support Files/Pods-Project-ProjectUITests/Pods-Project-ProjectUITests.release.xcconfig"; sourceTree = "<group>"; };
		781CF28DBB3989E215ED8BC5 /* Pods-ProjectTests.release.xcconfig */ = {isa = PBXFileReference; includeInIndex = 1; lastKnownFileType = text.xcconfig; name = "Pods-ProjectTests.release.xcconfig"; path = "Target Support Files/Pods-ProjectTests/Pods-ProjectTests.release.xcconfig"; sourceTree = "<group>"; };
		8604A78C99B443B4D137D19B /* Pods-Project.debug.xcconfig */ = {isa = PBXFileReference; includeInIndex = 1; lastKnownFileType = text.xcconfig; name = "Pods-Project.debug.xcconfig"; path = "Target Support Files/Pods-Project/Pods-Project.debug.xcconfig"; sourceTree = "<group>"; };
		9F576BFBE53697D513AB7F49 /* Pods-ProjectTests.debug.xcconfig */ = {isa = PBXFileReference; includeInIndex = 1; lastKnownFileType = text.xcconfig; name = "Pods-ProjectTests.debug.xcconfig"; path = "Target Support Files/Pods-ProjectTests/Pods-ProjectTests.debug.xcconfig"; sourceTree = "<group>"; };
		B801079B05B0866809D8957C /* Pods-Project.release.xcconfig */ = {isa = PBXFileReference; includeInIndex = 1; lastKnownFileType = text.xcconfig; name = "Pods-Project.release.xcconfig"; path = "Target Support Files/Pods-Project/Pods-Project.release.xcconfig"; sourceTree = "<group>"; };
		D81524BF313AD62876FBC6C9 /* Pods_ProjectTests.framework */ = {isa = PBXFileReference; explicitFileType = wrapper.framework; includeInIndex = 0; path = Pods_ProjectTests.framework; sourceTree = BUILT_PRODUCTS_DIR; };
/* End PBXFileReference section */

/* Begin PBXFrameworksBuildPhase section */
		29B9A61B2B696751003D1573 /* Frameworks */ = {
			isa = PBXFrameworksBuildPhase;
			buildActionMask = 2147483647;
			files = (
				608B373662B98207FF8DF161 /* Pods_Project.framework in Frameworks */,
			);
			runOnlyForDeploymentPostprocessing = 0;
		};
		29B9A6312B696753003D1573 /* Frameworks */ = {
			isa = PBXFrameworksBuildPhase;
			buildActionMask = 2147483647;
			files = (
				DB671FD507CDC76AF4EEF40D /* Pods_ProjectTests.framework in Frameworks */,
			);
			runOnlyForDeploymentPostprocessing = 0;
		};
		29B9A63B2B696753003D1573 /* Frameworks */ = {
			isa = PBXFrameworksBuildPhase;
			buildActionMask = 2147483647;
			files = (
				BBB03B86E0FD97007B651992 /* Pods_Project_ProjectUITests.framework in Frameworks */,
			);
			runOnlyForDeploymentPostprocessing = 0;
		};
/* End PBXFrameworksBuildPhase section */

/* Begin PBXGroup section */
		29B9A6152B696751003D1573 = {
			isa = PBXGroup;
			children = (
				29B9A6202B696751003D1573 /* Project */,
				29B9A6372B696753003D1573 /* ProjectTests */,
				29B9A6412B696753003D1573 /* ProjectUITests */,
				29B9A61F2B696751003D1573 /* Products */,
				42B0F560EAACAC73A63FD61F /* Pods */,
				8B4ABC077AA188AEF1E19599 /* Frameworks */,
			);
			sourceTree = "<group>";
		};
		29B9A61F2B696751003D1573 /* Products */ = {
			isa = PBXGroup;
			children = (
				29B9A61E2B696751003D1573 /* Project.app */,
				29B9A6342B696753003D1573 /* ProjectTests.xctest */,
				29B9A63E2B696753003D1573 /* ProjectUITests.xctest */,
			);
			name = Products;
			sourceTree = "<group>";
		};
		29B9A6202B696751003D1573 /* Project */ = {
			isa = PBXGroup;
			children = (
				29B9A6212B696751003D1573 /* AppDelegate.swift */,
				29B9A6232B696751003D1573 /* SceneDelegate.swift */,
				29B9A6252B696751003D1573 /* ViewController.swift */,
				29B9A62A2B696753003D1573 /* Assets.xcassets */,
				29B9A62C2B696753003D1573 /* LaunchScreen.storyboard */,
				29B9A62F2B696753003D1573 /* Info.plist */,
			);
			path = Project;
			sourceTree = "<group>";
		};
		29B9A6372B696753003D1573 /* ProjectTests */ = {
			isa = PBXGroup;
			children = (
				29B9A6382B696753003D1573 /* ProjectTests.swift */,
			);
			path = ProjectTests;
			sourceTree = "<group>";
		};
		29B9A6412B696753003D1573 /* ProjectUITests */ = {
			isa = PBXGroup;
			children = (
				29B9A6422B696753003D1573 /* ProjectUITests.swift */,
				29B9A6442B696753003D1573 /* ProjectUITestsLaunchTests.swift */,
			);
			path = ProjectUITests;
			sourceTree = "<group>";
		};
		42B0F560EAACAC73A63FD61F /* Pods */ = {
			isa = PBXGroup;
			children = (
				8604A78C99B443B4D137D19B /* Pods-Project.debug.xcconfig */,
				B801079B05B0866809D8957C /* Pods-Project.release.xcconfig */,
				5D6A05259139C97A55412B65 /* Pods-Project-ProjectUITests.debug.xcconfig */,
				5F92A1A786C51E4DDD7B8EB8 /* Pods-Project-ProjectUITests.release.xcconfig */,
				9F576BFBE53697D513AB7F49 /* Pods-ProjectTests.debug.xcconfig */,
				781CF28DBB3989E215ED8BC5 /* Pods-ProjectTests.release.xcconfig */,
			);
			path = Pods;
			sourceTree = "<group>";
		};
		8B4ABC077AA188AEF1E19599 /* Frameworks */ = {
			isa = PBXGroup;
			children = (
				4F2DBBB20D10C63A97704232 /* Pods_Project.framework */,
				47C0F64B5283A4F8A2C8286B /* Pods_Project_ProjectUITests.framework */,
				D81524BF313AD62876FBC6C9 /* Pods_ProjectTests.framework */,
			);
			name = Frameworks;
			sourceTree = "<group>";
		};
/* End PBXGroup section */

/* Begin PBXNativeTarget section */
		29B9A61D2B696751003D1573 /* Project */ = {
			isa = PBXNativeTarget;
			buildConfigurationList = 29B9A6482B696753003D1573 /* Build configuration list for PBXNativeTarget "Project" */;
			buildPhases = (
				C5A8303F3E8DB722C8401128 /* [CP] Check Pods Manifest.lock */,
				29B9A61A2B696751003D1573 /* Sources */,
				29B9A61B2B696751003D1573 /* Frameworks */,
				29B9A61C2B696751003D1573 /* Resources */,
				1EEE141D94621353F24B6D18 /* [CP] Embed Pods Frameworks */,
			);
			buildRules = (
			);
			dependencies = (
			);
			name = Project;
			productName = Project;
			productReference = 29B9A61E2B696751003D1573 /* Project.app */;
			productType = "com.apple.product-type.application";
		};
		29B9A6332B696753003D1573 /* ProjectTests */ = {
			isa = PBXNativeTarget;
			buildConfigurationList = 29B9A64B2B696753003D1573 /* Build configuration list for PBXNativeTarget "ProjectTests" */;
			buildPhases = (
				05321377916F15721EC4C7FE /* [CP] Check Pods Manifest.lock */,
				29B9A6302B696753003D1573 /* Sources */,
				29B9A6312B696753003D1573 /* Frameworks */,
				29B9A6322B696753003D1573 /* Resources */,
			);
			buildRules = (
			);
			dependencies = (
				29B9A6362B696753003D1573 /* PBXTargetDependency */,
			);
			name = ProjectTests;
			productName = ProjectTests;
			productReference = 29B9A6342B696753003D1573 /* ProjectTests.xctest */;
			productType = "com.apple.product-type.bundle.unit-test";
		};
		29B9A63D2B696753003D1573 /* ProjectUITests */ = {
			isa = PBXNativeTarget;
			buildConfigurationList = 29B9A64E2B696753003D1573 /* Build configuration list for PBXNativeTarget "ProjectUITests" */;
			buildPhases = (
				6A03A6AF9E2120D3CC60C0CF /* [CP] Check Pods Manifest.lock */,
				29B9A63A2B696753003D1573 /* Sources */,
				29B9A63B2B696753003D1573 /* Frameworks */,
				29B9A63C2B696753003D1573 /* Resources */,
				70364D807256172D10214869 /* [CP] Embed Pods Frameworks */,
			);
			buildRules = (
			);
			dependencies = (
				29B9A6402B696753003D1573 /* PBXTargetDependency */,
			);
			name = ProjectUITests;
			productName = ProjectUITests;
			productReference = 29B9A63E2B696753003D1573 /* ProjectUITests.xctest */;
			productType = "com.apple.product-type.bundle.ui-testing";
		};
/* End PBXNativeTarget section */

/* Begin PBXProject section */
		29B9A6162B696751003D1573 /* Project object */ = {
			isa = PBXProject;
			attributes = {
				BuildIndependentTargetsInParallel = 1;
				LastSwiftUpdateCheck = 1510;
				LastUpgradeCheck = 1510;
				TargetAttributes = {
					29B9A61D2B696751003D1573 = {
						CreatedOnToolsVersion = 15.1;
					};
					29B9A6332B696753003D1573 = {
						CreatedOnToolsVersion = 15.1;
						TestTargetID = 29B9A61D2B696751003D1573;
					};
					29B9A63D2B696753003D1573 = {
						CreatedOnToolsVersion = 15.1;
						TestTargetID = 29B9A61D2B696751003D1573;
					};
				};
			};
			buildConfigurationList = 29B9A6192B696751003D1573 /* Build configuration list for PBXProject "Project" */;
			compatibilityVersion = "Xcode 14.0";
			developmentRegion = en;
			hasScannedForEncodings = 0;
			knownRegions = (
				en,
				Base,
			);
			mainGroup = 29B9A6152B696751003D1573;
			productRefGroup = 29B9A61F2B696751003D1573 /* Products */;
			projectDirPath = "";
			projectRoot = "";
			targets = (
				29B9A61D2B696751003D1573 /* Project */,
				29B9A6332B696753003D1573 /* ProjectTests */,
				29B9A63D2B696753003D1573 /* ProjectUITests */,
			);
		};
/* End PBXProject section */

/* Begin PBXResourcesBuildPhase section */
		29B9A61C2B696751003D1573 /* Resources */ = {
			isa = PBXResourcesBuildPhase;
			buildActionMask = 2147483647;
			files = (
				29B9A62E2B696753003D1573 /* LaunchScreen.storyboard in Resources */,
				29B9A62B2B696753003D1573 /* Assets.xcassets in Resources */,
			);
			runOnlyForDeploymentPostprocessing = 0;
		};
		29B9A6322B696753003D1573 /* Resources */ = {
			isa = PBXResourcesBuildPhase;
			buildActionMask = 2147483647;
			files = (
			);
			runOnlyForDeploymentPostprocessing = 0;
		};
		29B9A63C2B696753003D1573 /* Resources */ = {
			isa = PBXResourcesBuildPhase;
			buildActionMask = 2147483647;
			files = (
			);
			runOnlyForDeploymentPostprocessing = 0;
		};
/* End PBXResourcesBuildPhase section */

/* Begin PBXShellScriptBuildPhase section */
		05321377916F15721EC4C7FE /* [CP] Check Pods Manifest.lock */ = {
			isa = PBXShellScriptBuildPhase;
			buildActionMask = 2147483647;
			files = (
			);
			inputFileListPaths = (
			);
			inputPaths = (
				"${PODS_PODFILE_DIR_PATH}/Podfile.lock",
				"${PODS_ROOT}/Manifest.lock",
			);
			name = "[CP] Check Pods Manifest.lock";
			outputFileListPaths = (
			);
			outputPaths = (
				"$(DERIVED_FILE_DIR)/Pods-ProjectTests-checkManifestLockResult.txt",
			);
			runOnlyForDeploymentPostprocessing = 0;
			shellPath = /bin/sh;
			shellScript = "diff \"${PODS_PODFILE_DIR_PATH}/Podfile.lock\" \"${PODS_ROOT}/Manifest.lock\" > /dev/null\nif [ $? != 0 ] ; then\n    # print error to STDERR\n    echo \"error: The sandbox is not in sync with the Podfile.lock. Run 'pod install' or update your CocoaPods installation.\" >&2\n    exit 1\nfi\n# This output is used by Xcode 'outputs' to avoid re-running this script phase.\necho \"SUCCESS\" > \"${SCRIPT_OUTPUT_FILE_0}\"\n";
			showEnvVarsInLog = 0;
		};
		1EEE141D94621353F24B6D18 /* [CP] Embed Pods Frameworks */ = {
			isa = PBXShellScriptBuildPhase;
			buildActionMask = 2147483647;
			files = (
			);
			inputFileListPaths = (
				"${PODS_ROOT}/Target Support Files/Pods-Project/Pods-Project-frameworks-${CONFIGURATION}-input-files.xcfilelist",
			);
			name = "[CP] Embed Pods Frameworks";
			outputFileListPaths = (
				"${PODS_ROOT}/Target Support Files/Pods-Project/Pods-Project-frameworks-${CONFIGURATION}-output-files.xcfilelist",
			);
			runOnlyForDeploymentPostprocessing = 0;
			shellPath = /bin/sh;
			shellScript = "\"${PODS_ROOT}/Target Support Files/Pods-Project/Pods-Project-frameworks.sh\"\n";
			showEnvVarsInLog = 0;
		};
		6A03A6AF9E2120D3CC60C0CF /* [CP] Check Pods Manifest.lock */ = {
			isa = PBXShellScriptBuildPhase;
			buildActionMask = 2147483647;
			files = (
			);
			inputFileListPaths = (
			);
			inputPaths = (
				"${PODS_PODFILE_DIR_PATH}/Podfile.lock",
				"${PODS_ROOT}/Manifest.lock",
			);
			name = "[CP] Check Pods Manifest.lock";
			outputFileListPaths = (
			);
			outputPaths = (
				"$(DERIVED_FILE_DIR)/Pods-Project-ProjectUITests-checkManifestLockResult.txt",
			);
			runOnlyForDeploymentPostprocessing = 0;
			shellPath = /bin/sh;
			shellScript = "diff \"${PODS_PODFILE_DIR_PATH}/Podfile.lock\" \"${PODS_ROOT}/Manifest.lock\" > /dev/null\nif [ $? != 0 ] ; then\n    # print error to STDERR\n    echo \"error: The sandbox is not in sync with the Podfile.lock. Run 'pod install' or update your CocoaPods installation.\" >&2\n    exit 1\nfi\n# This output is used by Xcode 'outputs' to avoid re-running this script phase.\necho \"SUCCESS\" > \"${SCRIPT_OUTPUT_FILE_0}\"\n";
			showEnvVarsInLog = 0;
		};
		70364D807256172D10214869 /* [CP] Embed Pods Frameworks */ = {
			isa = PBXShellScriptBuildPhase;
			buildActionMask = 2147483647;
			files = (
			);
			inputFileListPaths = (
				"${PODS_ROOT}/Target Support Files/Pods-Project-ProjectUITests/Pods-Project-ProjectUITests-frameworks-${CONFIGURATION}-input-files.xcfilelist",
			);
			name = "[CP] Embed Pods Frameworks";
			outputFileListPaths = (
				"${PODS_ROOT}/Target Support Files/Pods-Project-ProjectUITests/Pods-Project-ProjectUITests-frameworks-${CONFIGURATION}-output-files.xcfilelist",
			);
			runOnlyForDeploymentPostprocessing = 0;
			shellPath = /bin/sh;
			shellScript = "\"${PODS_ROOT}/Target Support Files/Pods-Project-ProjectUITests/Pods-Project-ProjectUITests-frameworks.sh\"\n";
			showEnvVarsInLog = 0;
		};
		C5A8303F3E8DB722C8401128 /* [CP] Check Pods Manifest.lock */ = {
			isa = PBXShellScriptBuildPhase;
			buildActionMask = 2147483647;
			files = (
			);
			inputFileListPaths = (
			);
			inputPaths = (
				"${PODS_PODFILE_DIR_PATH}/Podfile.lock",
				"${PODS_ROOT}/Manifest.lock",
			);
			name = "[CP] Check Pods Manifest.lock";
			outputFileListPaths = (
			);
			outputPaths = (
				"$(DERIVED_FILE_DIR)/Pods-Project-checkManifestLockResult.txt",
			);
			runOnlyForDeploymentPostprocessing = 0;
			shellPath = /bin/sh;
			shellScript = "diff \"${PODS_PODFILE_DIR_PATH}/Podfile.lock\" \"${PODS_ROOT}/Manifest.lock\" > /dev/null\nif [ $? != 0 ] ; then\n    # print error to STDERR\n    echo \"error: The sandbox is not in sync with the Podfile.lock. Run 'pod install' or update your CocoaPods installation.\" >&2\n    exit 1\nfi\n# This output is used by Xcode 'outputs' to avoid re-running this script phase.\necho \"SUCCESS\" > \"${SCRIPT_OUTPUT_FILE_0}\"\n";
			showEnvVarsInLog = 0;
		};
/* End PBXShellScriptBuildPhase section */

/* Begin PBXSourcesBuildPhase section */
		29B9A61A2B696751003D1573 /* Sources */ = {
			isa = PBXSourcesBuildPhase;
			buildActionMask = 2147483647;
			files = (
				29B9A6262B696751003D1573 /* ViewController.swift in Sources */,
				29B9A6222B696751003D1573 /* AppDelegate.swift in Sources */,
				29B9A6242B696751003D1573 /* SceneDelegate.swift in Sources */,
			);
			runOnlyForDeploymentPostprocessing = 0;
		};
		29B9A6302B696753003D1573 /* Sources */ = {
			isa = PBXSourcesBuildPhase;
			buildActionMask = 2147483647;
			files = (
				29B9A6392B696753003D1573 /* ProjectTests.swift in Sources */,
			);
			runOnlyForDeploymentPostprocessing = 0;
		};
		29B9A63A2B696753003D1573 /* Sources */ = {
			isa = PBXSourcesBuildPhase;
			buildActionMask = 2147483647;
			files = (
				29B9A6452B696753003D1573 /* ProjectUITestsLaunchTests.swift in Sources */,
				29B9A6432B696753003D1573 /* ProjectUITests.swift in Sources */,
			);
			runOnlyForDeploymentPostprocessing = 0;
		};
/* End PBXSourcesBuildPhase section */

/* Begin PBXTargetDependency section */
		29B9A6362B696753003D1573 /* PBXTargetDependency */ = {
			isa = PBXTargetDependency;
			target = 29B9A61D2B696751003D1573 /* Project */;
			targetProxy = 29B9A6352B696753003D1573 /* PBXContainerItemProxy */;
		};
		29B9A6402B696753003D1573 /* PBXTargetDependency */ = {
			isa = PBXTargetDependency;
			target = 29B9A61D2B696751003D1573 /* Project */;
			targetProxy = 29B9A63F2B696753003D1573 /* PBXContainerItemProxy */;
		};
/* End PBXTargetDependency section */

/* Begin PBXVariantGroup section */
		29B9A62C2B696753003D1573 /* LaunchScreen.storyboard */ = {
			isa = PBXVariantGroup;
			children = (
				29B9A62D2B696753003D1573 /* Base */,
			);
			name = LaunchScreen.storyboard;
			sourceTree = "<group>";
		};
/* End PBXVariantGroup section */

/* Begin XCBuildConfiguration section */
		29B9A6462B696753003D1573 /* Debug */ = {
			isa = XCBuildConfiguration;
			buildSettings = {
				ALWAYS_SEARCH_USER_PATHS = NO;
				ASSETCATALOG_COMPILER_GENERATE_SWIFT_ASSET_SYMBOL_EXTENSIONS = YES;
				CLANG_ANALYZER_NONNULL = YES;
				CLANG_ANALYZER_NUMBER_OBJECT_CONVERSION = YES_AGGRESSIVE;
				CLANG_CXX_LANGUAGE_STANDARD = "gnu++20";
				CLANG_ENABLE_MODULES = YES;
				CLANG_ENABLE_OBJC_ARC = YES;
				CLANG_ENABLE_OBJC_WEAK = YES;
				CLANG_WARN_BLOCK_CAPTURE_AUTORELEASING = YES;
				CLANG_WARN_BOOL_CONVERSION = YES;
				CLANG_WARN_COMMA = YES;
				CLANG_WARN_CONSTANT_CONVERSION = YES;
				CLANG_WARN_DEPRECATED_OBJC_IMPLEMENTATIONS = YES;
				CLANG_WARN_DIRECT_OBJC_ISA_USAGE = YES_ERROR;
				CLANG_WARN_DOCUMENTATION_COMMENTS = YES;
				CLANG_WARN_EMPTY_BODY = YES;
				CLANG_WARN_ENUM_CONVERSION = YES;
				CLANG_WARN_INFINITE_RECURSION = YES;
				CLANG_WARN_INT_CONVERSION = YES;
				CLANG_WARN_NON_LITERAL_NULL_CONVERSION = YES;
				CLANG_WARN_OBJC_IMPLICIT_RETAIN_SELF = YES;
				CLANG_WARN_OBJC_LITERAL_CONVERSION = YES;
				CLANG_WARN_OBJC_ROOT_CLASS = YES_ERROR;
				CLANG_WARN_QUOTED_INCLUDE_IN_FRAMEWORK_HEADER = YES;
				CLANG_WARN_RANGE_LOOP_ANALYSIS = YES;
				CLANG_WARN_STRICT_PROTOTYPES = YES;
				CLANG_WARN_SUSPICIOUS_MOVE = YES;
				CLANG_WARN_UNGUARDED_AVAILABILITY = YES_AGGRESSIVE;
				CLANG_WARN_UNREACHABLE_CODE = YES;
				CLANG_WARN__DUPLICATE_METHOD_MATCH = YES;
				COPY_PHASE_STRIP = NO;
				DEBUG_INFORMATION_FORMAT = dwarf;
				ENABLE_STRICT_OBJC_MSGSEND = YES;
				ENABLE_TESTABILITY = YES;
				ENABLE_USER_SCRIPT_SANDBOXING = YES;
				GCC_C_LANGUAGE_STANDARD = gnu17;
				GCC_DYNAMIC_NO_PIC = NO;
				GCC_NO_COMMON_BLOCKS = YES;
				GCC_OPTIMIZATION_LEVEL = 0;
				GCC_PREPROCESSOR_DEFINITIONS = (
					"DEBUG=1",
					"$(inherited)",
				);
				GCC_WARN_64_TO_32_BIT_CONVERSION = YES;
				GCC_WARN_ABOUT_RETURN_TYPE = YES_ERROR;
				GCC_WARN_UNDECLARED_SELECTOR = YES;
				GCC_WARN_UNINITIALIZED_AUTOS = YES_AGGRESSIVE;
				GCC_WARN_UNUSED_FUNCTION = YES;
				GCC_WARN_UNUSED_VARIABLE = YES;
				IPHONEOS_DEPLOYMENT_TARGET = 17.2;
				LOCALIZATION_PREFERS_STRING_CATALOGS = YES;
				MTL_ENABLE_DEBUG_INFO = INCLUDE_SOURCE;
				MTL_FAST_MATH = YES;
				ONLY_ACTIVE_ARCH = YES;
				SDKROOT = iphoneos;
				SWIFT_ACTIVE_COMPILATION_CONDITIONS = "DEBUG $(inherited)";
				SWIFT_OPTIMIZATION_LEVEL = "-Onone";
			};
			name = Debug;
		};
		29B9A6472B696753003D1573 /* Release */ = {
			isa = XCBuildConfiguration;
			buildSettings = {
				ALWAYS_SEARCH_USER_PATHS = NO;
				ASSETCATALOG_COMPILER_GENERATE_SWIFT_ASSET_SYMBOL_EXTENSIONS = YES;
				CLANG_ANALYZER_NONNULL = YES;
				CLANG_ANALYZER_NUMBER_OBJECT_CONVERSION = YES_AGGRESSIVE;
				CLANG_CXX_LANGUAGE_STANDARD = "gnu++20";
				CLANG_ENABLE_MODULES = YES;
				CLANG_ENABLE_OBJC_ARC = YES;
				CLANG_ENABLE_OBJC_WEAK = YES;
				CLANG_WARN_BLOCK_CAPTURE_AUTORELEASING = YES;
				CLANG_WARN_BOOL_CONVERSION = YES;
				CLANG_WARN_COMMA = YES;
				CLANG_WARN_CONSTANT_CONVERSION = YES;
				CLANG_WARN_DEPRECATED_OBJC_IMPLEMENTATIONS = YES;
				CLANG_WARN_DIRECT_OBJC_ISA_USAGE = YES_ERROR;
				CLANG_WARN_DOCUMENTATION_COMMENTS = YES;
				CLANG_WARN_EMPTY_BODY = YES;
				CLANG_WARN_ENUM_CONVERSION = YES;
				CLANG_WARN_INFINITE_RECURSION = YES;
				CLANG_WARN_INT_CONVERSION = YES;
				CLANG_WARN_NON_LITERAL_NULL_CONVERSION = YES;
				CLANG_WARN_OBJC_IMPLICIT_RETAIN_SELF = YES;
				CLANG_WARN_OBJC_LITERAL_CONVERSION = YES;
				CLANG_WARN_OBJC_ROOT_CLASS = YES_ERROR;
				CLANG_WARN_QUOTED_INCLUDE_IN_FRAMEWORK_HEADER = YES;
				CLANG_WARN_RANGE_LOOP_ANALYSIS = YES;
				CLANG_WARN_STRICT_PROTOTYPES = YES;
				CLANG_WARN_SUSPICIOUS_MOVE = YES;
				CLANG_WARN_UNGUARDED_AVAILABILITY = YES_AGGRESSIVE;
				CLANG_WARN_UNREACHABLE_CODE = YES;
				CLANG_WARN__DUPLICATE_METHOD_MATCH = YES;
				COPY_PHASE_STRIP = NO;
				DEBUG_INFORMATION_FORMAT = "dwarf-with-dsym";
				ENABLE_NS_ASSERTIONS = NO;
				ENABLE_STRICT_OBJC_MSGSEND = YES;
				ENABLE_USER_SCRIPT_SANDBOXING = YES;
				GCC_C_LANGUAGE_STANDARD = gnu17;
				GCC_NO_COMMON_BLOCKS = YES;
				GCC_WARN_64_TO_32_BIT_CONVERSION = YES;
				GCC_WARN_ABOUT_RETURN_TYPE = YES_ERROR;
				GCC_WARN_UNDECLARED_SELECTOR = YES;
				GCC_WARN_UNINITIALIZED_AUTOS = YES_AGGRESSIVE;
				GCC_WARN_UNUSED_FUNCTION = YES;
				GCC_WARN_UNUSED_VARIABLE = YES;
				IPHONEOS_DEPLOYMENT_TARGET = 17.2;
				LOCALIZATION_PREFERS_STRING_CATALOGS = YES;
				MTL_ENABLE_DEBUG_INFO = NO;
				MTL_FAST_MATH = YES;
				SDKROOT = iphoneos;
				SWIFT_COMPILATION_MODE = wholemodule;
				VALIDATE_PRODUCT = YES;
			};
			name = Release;
		};
		29B9A6492B696753003D1573 /* Debug */ = {
			isa = XCBuildConfiguration;
			baseConfigurationReference = 8604A78C99B443B4D137D19B /* Pods-Project.debug.xcconfig */;
			buildSettings = {
				ASSETCATALOG_COMPILER_APPICON_NAME = AppIcon;
				ASSETCATALOG_COMPILER_GLOBAL_ACCENT_COLOR_NAME = AccentColor;
				CODE_SIGN_STYLE = Automatic;
				CURRENT_PROJECT_VERSION = 1;
				DEVELOPMENT_TEAM = B2K9TS7F86;
				ENABLE_USER_SCRIPT_SANDBOXING = NO;
				GENERATE_INFOPLIST_FILE = YES;
				INFOPLIST_FILE = Project/Info.plist;
				INFOPLIST_KEY_UIApplicationSupportsIndirectInputEvents = YES;
				INFOPLIST_KEY_UILaunchStoryboardName = LaunchScreen;
				INFOPLIST_KEY_UISupportedInterfaceOrientations_iPad = "UIInterfaceOrientationPortrait UIInterfaceOrientationPortraitUpsideDown UIInterfaceOrientationLandscapeLeft UIInterfaceOrientationLandscapeRight";
				INFOPLIST_KEY_UISupportedInterfaceOrientations_iPhone = "UIInterfaceOrientationPortrait UIInterfaceOrientationLandscapeLeft UIInterfaceOrientationLandscapeRight";
				IPHONEOS_DEPLOYMENT_TARGET = 16.0;
				LD_RUNPATH_SEARCH_PATHS = (
					"$(inherited)",
					"@executable_path/Frameworks",
				);
				MARKETING_VERSION = 1.0;
				PRODUCT_BUNDLE_IDENTIFIER = com.alexejvadimovjch.Project;
				PRODUCT_NAME = "$(TARGET_NAME)";
				SWIFT_EMIT_LOC_STRINGS = YES;
				SWIFT_VERSION = 5.0;
				TARGETED_DEVICE_FAMILY = "1,2";
			};
			name = Debug;
		};
		29B9A64A2B696753003D1573 /* Release */ = {
			isa = XCBuildConfiguration;
			baseConfigurationReference = B801079B05B0866809D8957C /* Pods-Project.release.xcconfig */;
			buildSettings = {
				ASSETCATALOG_COMPILER_APPICON_NAME = AppIcon;
				ASSETCATALOG_COMPILER_GLOBAL_ACCENT_COLOR_NAME = AccentColor;
				CODE_SIGN_STYLE = Automatic;
				CURRENT_PROJECT_VERSION = 1;
				DEVELOPMENT_TEAM = B2K9TS7F86;
				ENABLE_USER_SCRIPT_SANDBOXING = NO;
				GENERATE_INFOPLIST_FILE = YES;
				INFOPLIST_FILE = Project/Info.plist;
				INFOPLIST_KEY_UIApplicationSupportsIndirectInputEvents = YES;
				INFOPLIST_KEY_UILaunchStoryboardName = LaunchScreen;
				INFOPLIST_KEY_UISupportedInterfaceOrientations_iPad = "UIInterfaceOrientationPortrait UIInterfaceOrientationPortraitUpsideDown UIInterfaceOrientationLandscapeLeft UIInterfaceOrientationLandscapeRight";
				INFOPLIST_KEY_UISupportedInterfaceOrientations_iPhone = "UIInterfaceOrientationPortrait UIInterfaceOrientationLandscapeLeft UIInterfaceOrientationLandscapeRight";
				IPHONEOS_DEPLOYMENT_TARGET = 16.0;
				LD_RUNPATH_SEARCH_PATHS = (
					"$(inherited)",
					"@executable_path/Frameworks",
				);
				MARKETING_VERSION = 1.0;
				PRODUCT_BUNDLE_IDENTIFIER = com.alexejvadimovjch.Project;
				PRODUCT_NAME = "$(TARGET_NAME)";
				SWIFT_EMIT_LOC_STRINGS = YES;
				SWIFT_VERSION = 5.0;
				TARGETED_DEVICE_FAMILY = "1,2";
			};
			name = Release;
		};
		29B9A64C2B696753003D1573 /* Debug */ = {
			isa = XCBuildConfiguration;
			baseConfigurationReference = 9F576BFBE53697D513AB7F49 /* Pods-ProjectTests.debug.xcconfig */;
			buildSettings = {
				ALWAYS_EMBED_SWIFT_STANDARD_LIBRARIES = YES;
				BUNDLE_LOADER = "$(TEST_HOST)";
				CODE_SIGN_STYLE = Automatic;
				CURRENT_PROJECT_VERSION = 1;
				GENERATE_INFOPLIST_FILE = YES;
				IPHONEOS_DEPLOYMENT_TARGET = 17.2;
				MARKETING_VERSION = 1.0;
				PRODUCT_BUNDLE_IDENTIFIER = com.alexejvadimovjch.ProjectTests;
				PRODUCT_NAME = "$(TARGET_NAME)";
				SWIFT_EMIT_LOC_STRINGS = NO;
				SWIFT_VERSION = 5.0;
				TARGETED_DEVICE_FAMILY = "1,2";
				TEST_HOST = "$(BUILT_PRODUCTS_DIR)/Project.app/$(BUNDLE_EXECUTABLE_FOLDER_PATH)/Project";
			};
			name = Debug;
		};
		29B9A64D2B696753003D1573 /* Release */ = {
			isa = XCBuildConfiguration;
			baseConfigurationReference = 781CF28DBB3989E215ED8BC5 /* Pods-ProjectTests.release.xcconfig */;
			buildSettings = {
				ALWAYS_EMBED_SWIFT_STANDARD_LIBRARIES = YES;
				BUNDLE_LOADER = "$(TEST_HOST)";
				CODE_SIGN_STYLE = Automatic;
				CURRENT_PROJECT_VERSION = 1;
				GENERATE_INFOPLIST_FILE = YES;
				IPHONEOS_DEPLOYMENT_TARGET = 17.2;
				MARKETING_VERSION = 1.0;
				PRODUCT_BUNDLE_IDENTIFIER = com.alexejvadimovjch.ProjectTests;
				PRODUCT_NAME = "$(TARGET_NAME)";
				SWIFT_EMIT_LOC_STRINGS = NO;
				SWIFT_VERSION = 5.0;
				TARGETED_DEVICE_FAMILY = "1,2";
				TEST_HOST = "$(BUILT_PRODUCTS_DIR)/Project.app/$(BUNDLE_EXECUTABLE_FOLDER_PATH)/Project";
			};
			name = Release;
		};
		29B9A64F2B696753003D1573 /* Debug */ = {
			isa = XCBuildConfiguration;
			baseConfigurationReference = 5D6A05259139C97A55412B65 /* Pods-Project-ProjectUITests.debug.xcconfig */;
			buildSettings = {
				ALWAYS_EMBED_SWIFT_STANDARD_LIBRARIES = YES;
				CODE_SIGN_STYLE = Automatic;
				CURRENT_PROJECT_VERSION = 1;
				GENERATE_INFOPLIST_FILE = YES;
				MARKETING_VERSION = 1.0;
				PRODUCT_BUNDLE_IDENTIFIER = com.alexejvadimovjch.ProjectUITests;
				PRODUCT_NAME = "$(TARGET_NAME)";
				SWIFT_EMIT_LOC_STRINGS = NO;
				SWIFT_VERSION = 5.0;
				TARGETED_DEVICE_FAMILY = "1,2";
				TEST_TARGET_NAME = Project;
			};
			name = Debug;
		};
		29B9A6502B696753003D1573 /* Release */ = {
			isa = XCBuildConfiguration;
			baseConfigurationReference = 5F92A1A786C51E4DDD7B8EB8 /* Pods-Project-ProjectUITests.release.xcconfig */;
			buildSettings = {
				ALWAYS_EMBED_SWIFT_STANDARD_LIBRARIES = YES;
				CODE_SIGN_STYLE = Automatic;
				CURRENT_PROJECT_VERSION = 1;
				GENERATE_INFOPLIST_FILE = YES;
				MARKETING_VERSION = 1.0;
				PRODUCT_BUNDLE_IDENTIFIER = com.alexejvadimovjch.ProjectUITests;
				PRODUCT_NAME = "$(TARGET_NAME)";
				SWIFT_EMIT_LOC_STRINGS = NO;
				SWIFT_VERSION = 5.0;
				TARGETED_DEVICE_FAMILY = "1,2";
				TEST_TARGET_NAME = Project;
			};
			name = Release;
		};
/* End XCBuildConfiguration section */

/* Begin XCConfigurationList section */
		29B9A6192B696751003D1573 /* Build configuration list for PBXProject "Project" */ = {
			isa = XCConfigurationList;
			buildConfigurations = (
				29B9A6462B696753003D1573 /* Debug */,
				29B9A6472B696753003D1573 /* Release */,
			);
			defaultConfigurationIsVisible = 0;
			defaultConfigurationName = Release;
		};
		29B9A6482B696753003D1573 /* Build configuration list for PBXNativeTarget "Project" */ = {
			isa = XCConfigurationList;
			buildConfigurations = (
				29B9A6492B696753003D1573 /* Debug */,
				29B9A64A2B696753003D1573 /* Release */,
			);
			defaultConfigurationIsVisible = 0;
			defaultConfigurationName = Release;
		};
		29B9A64B2B696753003D1573 /* Build configuration list for PBXNativeTarget "ProjectTests" */ = {
			isa = XCConfigurationList;
			buildConfigurations = (
				29B9A64C2B696753003D1573 /* Debug */,
				29B9A64D2B696753003D1573 /* Release */,
			);
			defaultConfigurationIsVisible = 0;
			defaultConfigurationName = Release;
		};
		29B9A64E2B696753003D1573 /* Build configuration list for PBXNativeTarget "ProjectUITests" */ = {
			isa = XCConfigurationList;
			buildConfigurations = (
				29B9A64F2B696753003D1573 /* Debug */,
				29B9A6502B696753003D1573 /* Release */,
			);
			defaultConfigurationIsVisible = 0;
			defaultConfigurationName = Release;
		};
/* End XCConfigurationList section */
	};
	rootObject = 29B9A6162B696751003D1573 /* Project object */;
}
